
Microsoft Visual Studio Solution File, Format Version 12.00
# Visual Studio Version 17
VisualStudioVersion = 17.2.32616.157
MinimumVisualStudioVersion = 10.0.40219.1
Project("{FAE04EC0-301F-11D3-BF4B-00C04F79EFBC}") = "MineFinder", "MineFinder\MineFinder.csproj", "{0A3AFF4C-8FD5-412A-B62D-97C7CCF245FD}"
EndProject
Global
	GlobalSection(SolutionConfigurationPlatforms) = preSolution
		Debug|Any CPU = Debug|Any CPU
		Release|Any CPU = Release|Any CPU
	EndGlobalSection
	GlobalSection(ProjectConfigurationPlatforms) = postSolution
		{0A3AFF4C-8FD5-412A-B62D-97C7CCF245FD}.Debug|Any CPU.ActiveCfg = Debug|Any CPU
		{0A3AFF4C-8FD5-412A-B62D-97C7CCF245FD}.Debug|Any CPU.Build.0 = Debug|Any CPU
		{0A3AFF4C-8FD5-412A-B62D-97C7CCF245FD}.Release|Any CPU.ActiveCfg = Release|Any CPU
		{0A3AFF4C-8FD5-412A-B62D-97C7CCF245FD}.Release|Any CPU.Build.0 = Release|Any CPU
	EndGlobalSection
	GlobalSection(SolutionProperties) = preSolution
		HideSolutionNode = FALSE
	EndGlobalSection
	GlobalSection(ExtensibilityGlobals) = postSolution
		SolutionGuid = {097B9F14-947E-40BA-A6AA-D0F840972C43}
	EndGlobalSection
EndGlobal
